
Microsoft Visual Studio Solution File, Format Version 12.00
# Visual Studio Version 16
VisualStudioVersion = 16.0.31321.278
MinimumVisualStudioVersion = 10.0.40219.1
Project("{FAE04EC0-301F-11D3-BF4B-00C04F79EFBC}") = "Inheritance_Rowland_Ethan", "Inheritance_Rowland_Ethan\Inheritance_Rowland_Ethan.csproj", "{005247D8-03E7-4EE8-A3E7-9685B5DC1FE8}"
EndProject
Global
	GlobalSection(SolutionConfigurationPlatforms) = preSolution
		Debug|Any CPU = Debug|Any CPU
		Release|Any CPU = Release|Any CPU
	EndGlobalSection
	GlobalSection(ProjectConfigurationPlatforms) = postSolution
		{005247D8-03E7-4EE8-A3E7-9685B5DC1FE8}.Debug|Any CPU.ActiveCfg = Debug|Any CPU
		{005247D8-03E7-4EE8-A3E7-9685B5DC1FE8}.Debug|Any CPU.Build.0 = Debug|Any CPU
		{005247D8-03E7-4EE8-A3E7-9685B5DC1FE8}.Release|Any CPU.ActiveCfg = Release|Any CPU
		{005247D8-03E7-4EE8-A3E7-9685B5DC1FE8}.Release|Any CPU.Build.0 = Release|Any CPU
	EndGlobalSection
	GlobalSection(SolutionProperties) = preSolution
		HideSolutionNode = FALSE
	EndGlobalSection
	GlobalSection(ExtensibilityGlobals) = postSolution
		SolutionGuid = {0EFDB74F-E7E8-4C4D-9451-C20CE7980D21}
	EndGlobalSection
EndGlobal
